
Microsoft Visual Studio Solution File, Format Version 10.00
# Visual Studio 2008
Project("{8BC9CEB8-8B4A-11D0-8D11-00A0C91BC942}") = "MOX_Premiere", "MOX_Premiere.vcproj", "{8C4F19A7-759D-4D52-BAEC-7ADF50FBFE8F}"
	ProjectSection(ProjectDependencies) = postProject
		{9EDB5C0F-BFD0-4A59-BB93-F06A52BB0128} = {9EDB5C0F-BFD0-4A59-BB93-F06A52BB0128}
		{7DF42126-D237-41D3-9ABE-A3ACC8BAC56E} = {7DF42126-D237-41D3-9ABE-A3ACC8BAC56E}
		{76ADDB29-9C6A-442C-9BA9-764C050F75DD} = {76ADDB29-9C6A-442C-9BA9-764C050F75DD}
		{8190C850-5400-4A06-BEC9-934F33AD5234} = {8190C850-5400-4A06-BEC9-934F33AD5234}
		{C46B9A53-86D8-4B7F-AB15-B2C04518A195} = {C46B9A53-86D8-4B7F-AB15-B2C04518A195}
		{39E34F88-DD2E-4A1C-96B7-624EA55FC1D7} = {39E34F88-DD2E-4A1C-96B7-624EA55FC1D7}
		{EE8C339B-9B56-4963-BB84-779836EF9C6A} = {EE8C339B-9B56-4963-BB84-779836EF9C6A}
		{01FCCDB2-08AC-4C83-B829-E0B5DDBDAE76} = {01FCCDB2-08AC-4C83-B829-E0B5DDBDAE76}
	EndProjectSection
EndProject
Project("{2150E333-8FDC-42A3-9474-1A3956D46DE8}") = "openexr", "openexr", "{A668931B-13ED-48CD-9E14-D6EACFBAD4D0}"
EndProject
Project("{8BC9CEB8-8B4A-11D0-8D11-00A0C91BC942}") = "Half", "..\..\..\openexr\IlmBase\vc\vc9\IlmBase\Half\Half.vcproj", "{9EDB5C0F-BFD0-4A59-BB93-F06A52BB0128}"
EndProject
Project("{8BC9CEB8-8B4A-11D0-8D11-00A0C91BC942}") = "Iex", "..\..\..\openexr\IlmBase\vc\vc9\IlmBase\Iex\Iex.vcproj", "{C46B9A53-86D8-4B7F-AB15-B2C04518A195}"
EndProject
Project("{8BC9CEB8-8B4A-11D0-8D11-00A0C91BC942}") = "IlmThread", "..\..\..\openexr\IlmBase\vc\vc9\IlmBase\IlmThread\IlmThread.vcproj", "{76ADDB29-9C6A-442C-9BA9-764C050F75DD}"
EndProject
Project("{8BC9CEB8-8B4A-11D0-8D11-00A0C91BC942}") = "Imath", "..\..\..\openexr\IlmBase\vc\vc9\IlmBase\Imath\Imath.vcproj", "{39E34F88-DD2E-4A1C-96B7-624EA55FC1D7}"
EndProject
Project("{8BC9CEB8-8B4A-11D0-8D11-00A0C91BC942}") = "IlmImf", "..\..\..\openexr\OpenEXR\vc\vc9\OpenEXR\IlmImf\IlmImf.vcproj", "{7DF42126-D237-41D3-9ABE-A3ACC8BAC56E}"
	ProjectSection(ProjectDependencies) = postProject
		{9EDB5C0F-BFD0-4A59-BB93-F06A52BB0128} = {9EDB5C0F-BFD0-4A59-BB93-F06A52BB0128}
		{76ADDB29-9C6A-442C-9BA9-764C050F75DD} = {76ADDB29-9C6A-442C-9BA9-764C050F75DD}
		{C46B9A53-86D8-4B7F-AB15-B2C04518A195} = {C46B9A53-86D8-4B7F-AB15-B2C04518A195}
	EndProjectSection
EndProject
Project("{2150E333-8FDC-42A3-9474-1A3956D46DE8}") = "ext", "ext", "{C490CD14-3938-4151-B367-967B8218B178}"
EndProject
Project("{8BC9CEB8-8B4A-11D0-8D11-00A0C91BC942}") = "mxflib", "ext\mxflib.vcproj", "{8190C850-5400-4A06-BEC9-934F33AD5234}"
EndProject
Project("{8BC9CEB8-8B4A-11D0-8D11-00A0C91BC942}") = "MoxMxf", "ext\MoxMxf.vcproj", "{01FCCDB2-08AC-4C83-B829-E0B5DDBDAE76}"
EndProject
Project("{8BC9CEB8-8B4A-11D0-8D11-00A0C91BC942}") = "MoxFiles", "ext\MoxFiles.vcproj", "{EE8C339B-9B56-4963-BB84-779836EF9C6A}"
EndProject
Global
	GlobalSection(SolutionConfigurationPlatforms) = preSolution
		Debug|x64 = Debug|x64
		Release|x64 = Release|x64
	EndGlobalSection
	GlobalSection(ProjectConfigurationPlatforms) = postSolution
		{8C4F19A7-759D-4D52-BAEC-7ADF50FBFE8F}.Debug|x64.ActiveCfg = Debug|x64
		{8C4F19A7-759D-4D52-BAEC-7ADF50FBFE8F}.Debug|x64.Build.0 = Debug|x64
		{8C4F19A7-759D-4D52-BAEC-7ADF50FBFE8F}.Release|x64.ActiveCfg = Release|x64
		{8C4F19A7-759D-4D52-BAEC-7ADF50FBFE8F}.Release|x64.Build.0 = Release|x64
		{9EDB5C0F-BFD0-4A59-BB93-F06A52BB0128}.Debug|x64.ActiveCfg = Debug|x64
		{9EDB5C0F-BFD0-4A59-BB93-F06A52BB0128}.Debug|x64.Build.0 = Debug|x64
		{9EDB5C0F-BFD0-4A59-BB93-F06A52BB0128}.Release|x64.ActiveCfg = Release|x64
		{9EDB5C0F-BFD0-4A59-BB93-F06A52BB0128}.Release|x64.Build.0 = Release|x64
		{C46B9A53-86D8-4B7F-AB15-B2C04518A195}.Debug|x64.ActiveCfg = Debug|x64
		{C46B9A53-86D8-4B7F-AB15-B2C04518A195}.Debug|x64.Build.0 = Debug|x64
		{C46B9A53-86D8-4B7F-AB15-B2C04518A195}.Release|x64.ActiveCfg = Release|x64
		{C46B9A53-86D8-4B7F-AB15-B2C04518A195}.Release|x64.Build.0 = Release|x64
		{76ADDB29-9C6A-442C-9BA9-764C050F75DD}.Debug|x64.ActiveCfg = Debug|x64
		{76ADDB29-9C6A-442C-9BA9-764C050F75DD}.Debug|x64.Build.0 = Debug|x64
		{76ADDB29-9C6A-442C-9BA9-764C050F75DD}.Release|x64.ActiveCfg = Release|x64
		{76ADDB29-9C6A-442C-9BA9-764C050F75DD}.Release|x64.Build.0 = Release|x64
		{39E34F88-DD2E-4A1C-96B7-624EA55FC1D7}.Debug|x64.ActiveCfg = Debug|x64
		{39E34F88-DD2E-4A1C-96B7-624EA55FC1D7}.Debug|x64.Build.0 = Debug|x64
		{39E34F88-DD2E-4A1C-96B7-624EA55FC1D7}.Release|x64.ActiveCfg = Release|x64
		{39E34F88-DD2E-4A1C-96B7-624EA55FC1D7}.Release|x64.Build.0 = Release|x64
		{7DF42126-D237-41D3-9ABE-A3ACC8BAC56E}.Debug|x64.ActiveCfg = Debug|x64
		{7DF42126-D237-41D3-9ABE-A3ACC8BAC56E}.Debug|x64.Build.0 = Debug|x64
		{7DF42126-D237-41D3-9ABE-A3ACC8BAC56E}.Release|x64.ActiveCfg = Release|x64
		{7DF42126-D237-41D3-9ABE-A3ACC8BAC56E}.Release|x64.Build.0 = Release|x64
		{8190C850-5400-4A06-BEC9-934F33AD5234}.Debug|x64.ActiveCfg = Debug|x64
		{8190C850-5400-4A06-BEC9-934F33AD5234}.Debug|x64.Build.0 = Debug|x64
		{8190C850-5400-4A06-BEC9-934F33AD5234}.Release|x64.ActiveCfg = Release|x64
		{8190C850-5400-4A06-BEC9-934F33AD5234}.Release|x64.Build.0 = Release|x64
		{01FCCDB2-08AC-4C83-B829-E0B5DDBDAE76}.Debug|x64.ActiveCfg = Debug|x64
		{01FCCDB2-08AC-4C83-B829-E0B5DDBDAE76}.Debug|x64.Build.0 = Debug|x64
		{01FCCDB2-08AC-4C83-B829-E0B5DDBDAE76}.Release|x64.ActiveCfg = Release|x64
		{01FCCDB2-08AC-4C83-B829-E0B5DDBDAE76}.Release|x64.Build.0 = Release|x64
		{EE8C339B-9B56-4963-BB84-779836EF9C6A}.Debug|x64.ActiveCfg = Debug|x64
		{EE8C339B-9B56-4963-BB84-779836EF9C6A}.Debug|x64.Build.0 = Debug|x64
		{EE8C339B-9B56-4963-BB84-779836EF9C6A}.Release|x64.ActiveCfg = Release|x64
		{EE8C339B-9B56-4963-BB84-779836EF9C6A}.Release|x64.Build.0 = Release|x64
	EndGlobalSection
	GlobalSection(SolutionProperties) = preSolution
		HideSolutionNode = FALSE
	EndGlobalSection
	GlobalSection(NestedProjects) = preSolution
		{A668931B-13ED-48CD-9E14-D6EACFBAD4D0} = {C490CD14-3938-4151-B367-967B8218B178}
		{8190C850-5400-4A06-BEC9-934F33AD5234} = {C490CD14-3938-4151-B367-967B8218B178}
		{01FCCDB2-08AC-4C83-B829-E0B5DDBDAE76} = {C490CD14-3938-4151-B367-967B8218B178}
		{EE8C339B-9B56-4963-BB84-779836EF9C6A} = {C490CD14-3938-4151-B367-967B8218B178}
		{C46B9A53-86D8-4B7F-AB15-B2C04518A195} = {A668931B-13ED-48CD-9E14-D6EACFBAD4D0}
		{76ADDB29-9C6A-442C-9BA9-764C050F75DD} = {A668931B-13ED-48CD-9E14-D6EACFBAD4D0}
		{39E34F88-DD2E-4A1C-96B7-624EA55FC1D7} = {A668931B-13ED-48CD-9E14-D6EACFBAD4D0}
		{7DF42126-D237-41D3-9ABE-A3ACC8BAC56E} = {A668931B-13ED-48CD-9E14-D6EACFBAD4D0}
		{9EDB5C0F-BFD0-4A59-BB93-F06A52BB0128} = {A668931B-13ED-48CD-9E14-D6EACFBAD4D0}
	EndGlobalSection
EndGlobal
